
Microsoft Visual Studio Solution File, Format Version 12.00
# Visual Studio Version 16
VisualStudioVersion = 16.0.29424.173
MinimumVisualStudioVersion = 10.0.40219.1
Project("{FAE04EC0-301F-11D3-BF4B-00C04F79EFBC}") = "Vista", "Sistema\Vista.csproj", "{1E2A5D07-1549-4067-856C-D497B8B939CF}"
EndProject
Project("{FAE04EC0-301F-11D3-BF4B-00C04F79EFBC}") = "Modelo", "Modelo\Modelo.csproj", "{BE9DD84B-B5CB-4E6A-830A-681F2F9A2B03}"
EndProject
Project("{FAE04EC0-301F-11D3-BF4B-00C04F79EFBC}") = "Controlador", "Controlado\Controlador.csproj", "{FFDED276-55D1-4C44-B373-11629ED16B18}"
EndProject
Global
	GlobalSection(SolutionConfigurationPlatforms) = preSolution
		Debug|Any CPU = Debug|Any CPU
		Release|Any CPU = Release|Any CPU
	EndGlobalSection
	GlobalSection(ProjectConfigurationPlatforms) = postSolution
		{1E2A5D07-1549-4067-856C-D497B8B939CF}.Debug|Any CPU.ActiveCfg = Debug|Any CPU
		{1E2A5D07-1549-4067-856C-D497B8B939CF}.Debug|Any CPU.Build.0 = Debug|Any CPU
		{1E2A5D07-1549-4067-856C-D497B8B939CF}.Release|Any CPU.ActiveCfg = Release|Any CPU
		{1E2A5D07-1549-4067-856C-D497B8B939CF}.Release|Any CPU.Build.0 = Release|Any CPU
		{BE9DD84B-B5CB-4E6A-830A-681F2F9A2B03}.Debug|Any CPU.ActiveCfg = Debug|Any CPU
		{BE9DD84B-B5CB-4E6A-830A-681F2F9A2B03}.Debug|Any CPU.Build.0 = Debug|Any CPU
		{BE9DD84B-B5CB-4E6A-830A-681F2F9A2B03}.Release|Any CPU.ActiveCfg = Release|Any CPU
		{BE9DD84B-B5CB-4E6A-830A-681F2F9A2B03}.Release|Any CPU.Build.0 = Release|Any CPU
		{FFDED276-55D1-4C44-B373-11629ED16B18}.Debug|Any CPU.ActiveCfg = Debug|Any CPU
		{FFDED276-55D1-4C44-B373-11629ED16B18}.Debug|Any CPU.Build.0 = Debug|Any CPU
		{FFDED276-55D1-4C44-B373-11629ED16B18}.Release|Any CPU.ActiveCfg = Release|Any CPU
		{FFDED276-55D1-4C44-B373-11629ED16B18}.Release|Any CPU.Build.0 = Release|Any CPU
	EndGlobalSection
	GlobalSection(SolutionProperties) = preSolution
		HideSolutionNode = FALSE
	EndGlobalSection
	GlobalSection(ExtensibilityGlobals) = postSolution
		SolutionGuid = {30051198-D077-43B1-96D2-98F7B13C0056}
	EndGlobalSection
EndGlobal
